// !$*UTF8*$!
{
	archiveVersion = 1;
	classes = {
	};
	objectVersion = 52;
	objects = {

/* Begin PBXBuildFile section */
		990301B725A0A7F9004E4BD5 /* EventListElement.swift in Sources */ = {isa = PBXBuildFile; fileRef = 990301B625A0A7F9004E4BD5 /* EventListElement.swift */; };
		990301BA25A0A82B004E4BD5 /* EventListElementPoster.swift in Sources */ = {isa = PBXBuildFile; fileRef = 990301B925A0A82B004E4BD5 /* EventListElementPoster.swift */; };
		990A4E0325B377EF00CEF57F /* Person.swift in Sources */ = {isa = PBXBuildFile; fileRef = 990A4E0225B377EF00CEF57F /* Person.swift */; };
		990A4E0625B3787A00CEF57F /* PersonDB.swift in Sources */ = {isa = PBXBuildFile; fileRef = 990A4E0525B3787A00CEF57F /* PersonDB.swift */; };
		990A4E0925B378D900CEF57F /* PersonDBKeys.swift in Sources */ = {isa = PBXBuildFile; fileRef = 990A4E0825B378D900CEF57F /* PersonDBKeys.swift */; };
		990A4E0C25B3792700CEF57F /* PersonStore.swift in Sources */ = {isa = PBXBuildFile; fileRef = 990A4E0B25B3792700CEF57F /* PersonStore.swift */; };
		990A4E1025B379EA00CEF57F /* AddPerson.swift in Sources */ = {isa = PBXBuildFile; fileRef = 990A4E0F25B379EA00CEF57F /* AddPerson.swift */; };
		990C201325B736A80040861C /* AddSection.swift in Sources */ = {isa = PBXBuildFile; fileRef = 990C201225B736A80040861C /* AddSection.swift */; };
		990C201625B73B4E0040861C /* GridStack.swift in Sources */ = {isa = PBXBuildFile; fileRef = 990C201525B73B4E0040861C /* GridStack.swift */; };
		992025CD268B1A2600055EB1 /* TeamList.swift in Sources */ = {isa = PBXBuildFile; fileRef = 992025CC268B1A2600055EB1 /* TeamList.swift */; };
		992025D5268B259B00055EB1 /* TeamIcon.swift in Sources */ = {isa = PBXBuildFile; fileRef = 992025D4268B259B00055EB1 /* TeamIcon.swift */; };
		992025D9268B292200055EB1 /* DateTag.swift in Sources */ = {isa = PBXBuildFile; fileRef = 992025D8268B292200055EB1 /* DateTag.swift */; };
		99275FAE26912F8F0085DDDD /* UserCreation.swift in Sources */ = {isa = PBXBuildFile; fileRef = 99275FAD26912F8F0085DDDD /* UserCreation.swift */; };
		992AA13325AF7E21005B1061 /* Settlements.swift in Sources */ = {isa = PBXBuildFile; fileRef = 992AA13225AF7E21005B1061 /* Settlements.swift */; };
		992AA13725AF7E5E005B1061 /* Transportation.swift in Sources */ = {isa = PBXBuildFile; fileRef = 992AA13625AF7E5E005B1061 /* Transportation.swift */; };
		99381F122691EC370053DD1C /* ChecklistStore.swift in Sources */ = {isa = PBXBuildFile; fileRef = 99381F112691EC370053DD1C /* ChecklistStore.swift */; };
		99381F1A2691EC6E0053DD1C /* Transport.swift in Sources */ = {isa = PBXBuildFile; fileRef = 99381F172691EC6D0053DD1C /* Transport.swift */; };
		99381F1B2691EC6E0053DD1C /* TransportDB.swift in Sources */ = {isa = PBXBuildFile; fileRef = 99381F182691EC6E0053DD1C /* TransportDB.swift */; };
		99381F1C2691EC6E0053DD1C /* TransportDBKeys.swift in Sources */ = {isa = PBXBuildFile; fileRef = 99381F192691EC6E0053DD1C /* TransportDBKeys.swift */; };
		993BD7B9257ED2C80014CA4C /* EventListItem.swift in Sources */ = {isa = PBXBuildFile; fileRef = 993BD7B8257ED2C80014CA4C /* EventListItem.swift */; };
		993EAD3325AE7EC700531A67 /* Paddings.swift in Sources */ = {isa = PBXBuildFile; fileRef = 993EAD3225AE7EC700531A67 /* Paddings.swift */; };
		9941965E257FB3E30090AD0F /* ImagePicker.swift in Sources */ = {isa = PBXBuildFile; fileRef = 9941965D257FB3E30090AD0F /* ImagePicker.swift */; };
		9951C11F25AE6065001E8F95 /* VenueMap.swift in Sources */ = {isa = PBXBuildFile; fileRef = 9951C11E25AE6065001E8F95 /* VenueMap.swift */; };
		9951C12225AE6E0D001E8F95 /* LocationService.swift in Sources */ = {isa = PBXBuildFile; fileRef = 9951C12125AE6E0D001E8F95 /* LocationService.swift */; };
		9956AAD2257D597F004AB2C4 /* ColorManager.swift in Sources */ = {isa = PBXBuildFile; fileRef = 9956AAD1257D597F004AB2C4 /* ColorManager.swift */; };
		9956AAD5257D59FA004AB2C4 /* ButtonFullWidth.swift in Sources */ = {isa = PBXBuildFile; fileRef = 9956AAD4257D59FA004AB2C4 /* ButtonFullWidth.swift */; };
		9956AADB257D7CDB004AB2C4 /* SelectVenueForm.swift in Sources */ = {isa = PBXBuildFile; fileRef = 9956AADA257D7CDB004AB2C4 /* SelectVenueForm.swift */; };
		995EA25A25B3516600B9D96D /* Characters.swift in Sources */ = {isa = PBXBuildFile; fileRef = 995EA25925B3516600B9D96D /* Characters.swift */; };
		995EA25F25B35F9200B9D96D /* Checklist.swift in Sources */ = {isa = PBXBuildFile; fileRef = 995EA25E25B35F9200B9D96D /* Checklist.swift */; };
		995EA26325B3603900B9D96D /* ChecklistDB.swift in Sources */ = {isa = PBXBuildFile; fileRef = 995EA26225B3603900B9D96D /* ChecklistDB.swift */; };
		995EA26925B360C000B9D96D /* TransportStore.swift in Sources */ = {isa = PBXBuildFile; fileRef = 995EA26825B360C000B9D96D /* TransportStore.swift */; };
		995EA26E25B36A3F00B9D96D /* AddTransport.swift in Sources */ = {isa = PBXBuildFile; fileRef = 995EA26D25B36A3F00B9D96D /* AddTransport.swift */; };
		995EEEFD25AFC15C00012D39 /* SettlementMap.swift in Sources */ = {isa = PBXBuildFile; fileRef = 995EEEFC25AFC15C00012D39 /* SettlementMap.swift */; };
		99646D852677ACBA00112593 /* NewTeam.swift in Sources */ = {isa = PBXBuildFile; fileRef = 99646D842677ACBA00112593 /* NewTeam.swift */; };
		997318A52691F25D00A281F0 /* AddChecklist.swift in Sources */ = {isa = PBXBuildFile; fileRef = 997318A42691F25D00A281F0 /* AddChecklist.swift */; };
		997C43702692056D00B80762 /* Checklists.swift in Sources */ = {isa = PBXBuildFile; fileRef = 997C436F2692056D00B80762 /* Checklists.swift */; };
		998779C026639D9600A0DFB2 /* TeamSignifierCard.swift in Sources */ = {isa = PBXBuildFile; fileRef = 998779BF26639D9600A0DFB2 /* TeamSignifierCard.swift */; };
		998779C42663C2C300A0DFB2 /* CodeScanner in Frameworks */ = {isa = PBXBuildFile; productRef = 998779C32663C2C300A0DFB2 /* CodeScanner */; };
		998779C72663D03600A0DFB2 /* QRCodeView.swift in Sources */ = {isa = PBXBuildFile; fileRef = 998779C62663D03600A0DFB2 /* QRCodeView.swift */; };
		9988B44125B600C600D36BA4 /* Timetable.swift in Sources */ = {isa = PBXBuildFile; fileRef = 9988B44025B600C600D36BA4 /* Timetable.swift */; };
		9988B44425B6019100D36BA4 /* TimetableDB.swift in Sources */ = {isa = PBXBuildFile; fileRef = 9988B44325B6019100D36BA4 /* TimetableDB.swift */; };
		9988B44725B601E100D36BA4 /* TimetableDBKeys.swift in Sources */ = {isa = PBXBuildFile; fileRef = 9988B44625B601E100D36BA4 /* TimetableDBKeys.swift */; };
		9988B44A25B6023B00D36BA4 /* TimetableStore.swift in Sources */ = {isa = PBXBuildFile; fileRef = 9988B44925B6023B00D36BA4 /* TimetableStore.swift */; };
		9988B44D25B6048F00D36BA4 /* Timeslot.swift in Sources */ = {isa = PBXBuildFile; fileRef = 9988B44C25B6048F00D36BA4 /* Timeslot.swift */; };
		9988B45025B6052300D36BA4 /* TimeslotDB.swift in Sources */ = {isa = PBXBuildFile; fileRef = 9988B44F25B6052300D36BA4 /* TimeslotDB.swift */; };
		9988B45325B605C200D36BA4 /* TimeslotDBKeys.swift in Sources */ = {isa = PBXBuildFile; fileRef = 9988B45225B605C200D36BA4 /* TimeslotDBKeys.swift */; };
		9988B45625B6061C00D36BA4 /* TimeslotStore.swift in Sources */ = {isa = PBXBuildFile; fileRef = 9988B45525B6061C00D36BA4 /* TimeslotStore.swift */; };
		9988B45925B6077100D36BA4 /* TimetableSingle.swift in Sources */ = {isa = PBXBuildFile; fileRef = 9988B45825B6077100D36BA4 /* TimetableSingle.swift */; };
		998DD3E6257E4C5B00E17E8B /* Realm in Frameworks */ = {isa = PBXBuildFile; productRef = 998DD3E5257E4C5B00E17E8B /* Realm */; };
		998DD3E8257E4C5B00E17E8B /* RealmSwift in Frameworks */ = {isa = PBXBuildFile; productRef = 998DD3E7257E4C5B00E17E8B /* RealmSwift */; };
		9990A43026778E4F00403C24 /* UserPreferencesView.swift in Sources */ = {isa = PBXBuildFile; fileRef = 9990A42F26778E4F00403C24 /* UserPreferencesView.swift */; };
		999E23F12649A2A400B63D3B /* VenueListItem.swift in Sources */ = {isa = PBXBuildFile; fileRef = 999E23F02649A2A400B63D3B /* VenueListItem.swift */; };
		99A965E0257E4D0600B8B2D7 /* VenueDB.swift in Sources */ = {isa = PBXBuildFile; fileRef = 99A965DF257E4D0600B8B2D7 /* VenueDB.swift */; };
		99A965E3257E4EAF00B8B2D7 /* Venue.swift in Sources */ = {isa = PBXBuildFile; fileRef = 99A965E2257E4EAF00B8B2D7 /* Venue.swift */; };
		99A965E7257E4FB200B8B2D7 /* VenueStore.swift in Sources */ = {isa = PBXBuildFile; fileRef = 99A965E6257E4FB200B8B2D7 /* VenueStore.swift */; };
		99A965EC257E5C0400B8B2D7 /* AddVenueForm.swift in Sources */ = {isa = PBXBuildFile; fileRef = 99A965EB257E5C0400B8B2D7 /* AddVenueForm.swift */; };
		99A965F0257E677900B8B2D7 /* RealmPersistentInitializer.swift in Sources */ = {isa = PBXBuildFile; fileRef = 99A965EF257E677900B8B2D7 /* RealmPersistentInitializer.swift */; };
		99A965F4257E687100B8B2D7 /* VenueDBKeys.swift in Sources */ = {isa = PBXBuildFile; fileRef = 99A965F3257E687100B8B2D7 /* VenueDBKeys.swift */; };
		99A965FF257EB2A600B8B2D7 /* Event.swift in Sources */ = {isa = PBXBuildFile; fileRef = 99A965FE257EB2A600B8B2D7 /* Event.swift */; };
		99A96603257EB31600B8B2D7 /* EventDB.swift in Sources */ = {isa = PBXBuildFile; fileRef = 99A96602257EB31600B8B2D7 /* EventDB.swift */; };
		99A96606257EB48800B8B2D7 /* EventDBKeys.swift in Sources */ = {isa = PBXBuildFile; fileRef = 99A96605257EB48800B8B2D7 /* EventDBKeys.swift */; };
		99A96609257EB4F900B8B2D7 /* EventStore.swift in Sources */ = {isa = PBXBuildFile; fileRef = 99A96608257EB4F900B8B2D7 /* EventStore.swift */; };
		99B099E9265C1F91002FA63A /* User.swift in Sources */ = {isa = PBXBuildFile; fileRef = 99B099E8265C1F91002FA63A /* User.swift */; };
		99B099ED265C2034002FA63A /* UserDB.swift in Sources */ = {isa = PBXBuildFile; fileRef = 99B099EC265C2034002FA63A /* UserDB.swift */; };
		99B099F0265C2072002FA63A /* UserDBKeys.swift in Sources */ = {isa = PBXBuildFile; fileRef = 99B099EF265C2072002FA63A /* UserDBKeys.swift */; };
		99B099F3265C20AC002FA63A /* UserStore.swift in Sources */ = {isa = PBXBuildFile; fileRef = 99B099F2265C20AC002FA63A /* UserStore.swift */; };
		99BCF513257D49BF00F2A7BC /* BackstageApp.swift in Sources */ = {isa = PBXBuildFile; fileRef = 99BCF512257D49BF00F2A7BC /* BackstageApp.swift */; };
		99BCF515257D49BF00F2A7BC /* ContentView.swift in Sources */ = {isa = PBXBuildFile; fileRef = 99BCF514257D49BF00F2A7BC /* ContentView.swift */; };
		99BCF517257D49C000F2A7BC /* Assets.xcassets in Resources */ = {isa = PBXBuildFile; fileRef = 99BCF516257D49C000F2A7BC /* Assets.xcassets */; };
		99BCF51A257D49C000F2A7BC /* Preview Assets.xcassets in Resources */ = {isa = PBXBuildFile; fileRef = 99BCF519257D49C000F2A7BC /* Preview Assets.xcassets */; };
		99BCF528257D4B3A00F2A7BC /* Events.swift in Sources */ = {isa = PBXBuildFile; fileRef = 99BCF527257D4B3A00F2A7BC /* Events.swift */; };
		99BCF52D257D4B4700F2A7BC /* Crew.swift in Sources */ = {isa = PBXBuildFile; fileRef = 99BCF52C257D4B4700F2A7BC /* Crew.swift */; };
		99BCF532257D4D9B00F2A7BC /* EventList.swift in Sources */ = {isa = PBXBuildFile; fileRef = 99BCF531257D4D9B00F2A7BC /* EventList.swift */; };
		99BCF536257D4E9E00F2A7BC /* EventDetail.swift in Sources */ = {isa = PBXBuildFile; fileRef = 99BCF535257D4E9E00F2A7BC /* EventDetail.swift */; };
		99BCF539257D4FA100F2A7BC /* CreateNewEvent.swift in Sources */ = {isa = PBXBuildFile; fileRef = 99BCF538257D4FA100F2A7BC /* CreateNewEvent.swift */; };
		99C0222D258573720031538C /* CEditButton.swift in Sources */ = {isa = PBXBuildFile; fileRef = 99C0222C258573720031538C /* CEditButton.swift */; };
		99C326B1269379CD00AB1CAE /* AttendantsSmall.swift in Sources */ = {isa = PBXBuildFile; fileRef = 99C326B0269379CD00AB1CAE /* AttendantsSmall.swift */; };
		99C6F43B2665016800534CA6 /* Team.swift in Sources */ = {isa = PBXBuildFile; fileRef = 99C6F43A2665016800534CA6 /* Team.swift */; };
		99C6F43F266501CA00534CA6 /* TeamDB.swift in Sources */ = {isa = PBXBuildFile; fileRef = 99C6F43E266501CA00534CA6 /* TeamDB.swift */; };
		99C6F4422665022300534CA6 /* TeamDBKeys.swift in Sources */ = {isa = PBXBuildFile; fileRef = 99C6F4412665022300534CA6 /* TeamDBKeys.swift */; };
		99C6F445266502BB00534CA6 /* TeamStore.swift in Sources */ = {isa = PBXBuildFile; fileRef = 99C6F444266502BB00534CA6 /* TeamStore.swift */; };
		99C9837325AF80FC0093FF19 /* Contacts.swift in Sources */ = {isa = PBXBuildFile; fileRef = 99C9837225AF80FC0093FF19 /* Contacts.swift */; };
		99C9837825AF9AD70093FF19 /* Settlement.swift in Sources */ = {isa = PBXBuildFile; fileRef = 99C9837725AF9AD70093FF19 /* Settlement.swift */; };
		99C9837C25AF9B1F0093FF19 /* SettlementDB.swift in Sources */ = {isa = PBXBuildFile; fileRef = 99C9837B25AF9B1F0093FF19 /* SettlementDB.swift */; };
		99C9837F25AF9B480093FF19 /* SettlementDBKeys.swift in Sources */ = {isa = PBXBuildFile; fileRef = 99C9837E25AF9B480093FF19 /* SettlementDBKeys.swift */; };
		99C9838A25AF9E3C0093FF19 /* SettlementStore.swift in Sources */ = {isa = PBXBuildFile; fileRef = 99C9838925AF9E3C0093FF19 /* SettlementStore.swift */; };
		99C9838F25AF9FD90093FF19 /* AddSettlement.swift in Sources */ = {isa = PBXBuildFile; fileRef = 99C9838E25AF9FD90093FF19 /* AddSettlement.swift */; };
		99E098B5268B31840092056C /* Attendants.swift in Sources */ = {isa = PBXBuildFile; fileRef = 99E098B4268B31840092056C /* Attendants.swift */; };
		99F16B172582B6A000F3AB97 /* BindingExtension.swift in Sources */ = {isa = PBXBuildFile; fileRef = 99F16B162582B6A000F3AB97 /* BindingExtension.swift */; };
		99F3B86D25803BAE00113ADE /* Utilities.swift in Sources */ = {isa = PBXBuildFile; fileRef = 99F3B86C25803BAE00113ADE /* Utilities.swift */; };
/* End PBXBuildFile section */

/* Begin PBXFileReference section */
		990301B625A0A7F9004E4BD5 /* EventListElement.swift */ = {isa = PBXFileReference; lastKnownFileType = sourcecode.swift; path = EventListElement.swift; sourceTree = "<group>"; };
		990301B925A0A82B004E4BD5 /* EventListElementPoster.swift */ = {isa = PBXFileReference; lastKnownFileType = sourcecode.swift; path = EventListElementPoster.swift; sourceTree = "<group>"; };
		990A4E0225B377EF00CEF57F /* Person.swift */ = {isa = PBXFileReference; lastKnownFileType = sourcecode.swift; path = Person.swift; sourceTree = "<group>"; };
		990A4E0525B3787A00CEF57F /* PersonDB.swift */ = {isa = PBXFileReference; lastKnownFileType = sourcecode.swift; path = PersonDB.swift; sourceTree = "<group>"; };
		990A4E0825B378D900CEF57F /* PersonDBKeys.swift */ = {isa = PBXFileReference; lastKnownFileType = sourcecode.swift; path = PersonDBKeys.swift; sourceTree = "<group>"; };
		990A4E0B25B3792700CEF57F /* PersonStore.swift */ = {isa = PBXFileReference; lastKnownFileType = sourcecode.swift; path = PersonStore.swift; sourceTree = "<group>"; };
		990A4E0F25B379EA00CEF57F /* AddPerson.swift */ = {isa = PBXFileReference; lastKnownFileType = sourcecode.swift; path = AddPerson.swift; sourceTree = "<group>"; };
		990C201225B736A80040861C /* AddSection.swift */ = {isa = PBXFileReference; lastKnownFileType = sourcecode.swift; path = AddSection.swift; sourceTree = "<group>"; };
		990C201525B73B4E0040861C /* GridStack.swift */ = {isa = PBXFileReference; lastKnownFileType = sourcecode.swift; path = GridStack.swift; sourceTree = "<group>"; };
		992025CC268B1A2600055EB1 /* TeamList.swift */ = {isa = PBXFileReference; lastKnownFileType = sourcecode.swift; path = TeamList.swift; sourceTree = "<group>"; };
		992025D4268B259B00055EB1 /* TeamIcon.swift */ = {isa = PBXFileReference; lastKnownFileType = sourcecode.swift; path = TeamIcon.swift; sourceTree = "<group>"; };
		992025D8268B292200055EB1 /* DateTag.swift */ = {isa = PBXFileReference; lastKnownFileType = sourcecode.swift; path = DateTag.swift; sourceTree = "<group>"; };
		99275FAD26912F8F0085DDDD /* UserCreation.swift */ = {isa = PBXFileReference; lastKnownFileType = sourcecode.swift; path = UserCreation.swift; sourceTree = "<group>"; };
		992AA13225AF7E21005B1061 /* Settlements.swift */ = {isa = PBXFileReference; lastKnownFileType = sourcecode.swift; path = Settlements.swift; sourceTree = "<group>"; };
		992AA13625AF7E5E005B1061 /* Transportation.swift */ = {isa = PBXFileReference; lastKnownFileType = sourcecode.swift; path = Transportation.swift; sourceTree = "<group>"; };
		99381F112691EC370053DD1C /* ChecklistStore.swift */ = {isa = PBXFileReference; lastKnownFileType = sourcecode.swift; path = ChecklistStore.swift; sourceTree = "<group>"; };
		99381F172691EC6D0053DD1C /* Transport.swift */ = {isa = PBXFileReference; lastKnownFileType = sourcecode.swift; path = Transport.swift; sourceTree = "<group>"; };
		99381F182691EC6E0053DD1C /* TransportDB.swift */ = {isa = PBXFileReference; lastKnownFileType = sourcecode.swift; path = TransportDB.swift; sourceTree = "<group>"; };
		99381F192691EC6E0053DD1C /* TransportDBKeys.swift */ = {isa = PBXFileReference; lastKnownFileType = sourcecode.swift; path = TransportDBKeys.swift; sourceTree = "<group>"; };
		993BD7B8257ED2C80014CA4C /* EventListItem.swift */ = {isa = PBXFileReference; lastKnownFileType = sourcecode.swift; path = EventListItem.swift; sourceTree = "<group>"; };
		993EAD3225AE7EC700531A67 /* Paddings.swift */ = {isa = PBXFileReference; lastKnownFileType = sourcecode.swift; path = Paddings.swift; sourceTree = "<group>"; };
		9941965D257FB3E30090AD0F /* ImagePicker.swift */ = {isa = PBXFileReference; lastKnownFileType = sourcecode.swift; path = ImagePicker.swift; sourceTree = "<group>"; };
		9951C11E25AE6065001E8F95 /* VenueMap.swift */ = {isa = PBXFileReference; lastKnownFileType = sourcecode.swift; path = VenueMap.swift; sourceTree = "<group>"; };
		9951C12125AE6E0D001E8F95 /* LocationService.swift */ = {isa = PBXFileReference; lastKnownFileType = sourcecode.swift; path = LocationService.swift; sourceTree = "<group>"; };
		9956AAD1257D597F004AB2C4 /* ColorManager.swift */ = {isa = PBXFileReference; lastKnownFileType = sourcecode.swift; path = ColorManager.swift; sourceTree = "<group>"; };
		9956AAD4257D59FA004AB2C4 /* ButtonFullWidth.swift */ = {isa = PBXFileReference; lastKnownFileType = sourcecode.swift; path = ButtonFullWidth.swift; sourceTree = "<group>"; };
		9956AADA257D7CDB004AB2C4 /* SelectVenueForm.swift */ = {isa = PBXFileReference; lastKnownFileType = sourcecode.swift; path = SelectVenueForm.swift; sourceTree = "<group>"; };
		995EA25925B3516600B9D96D /* Characters.swift */ = {isa = PBXFileReference; lastKnownFileType = sourcecode.swift; path = Characters.swift; sourceTree = "<group>"; };
		995EA25E25B35F9200B9D96D /* Checklist.swift */ = {isa = PBXFileReference; lastKnownFileType = sourcecode.swift; path = Checklist.swift; sourceTree = "<group>"; };
		995EA26225B3603900B9D96D /* ChecklistDB.swift */ = {isa = PBXFileReference; lastKnownFileType = sourcecode.swift; path = ChecklistDB.swift; sourceTree = "<group>"; };
		995EA26825B360C000B9D96D /* TransportStore.swift */ = {isa = PBXFileReference; lastKnownFileType = sourcecode.swift; path = TransportStore.swift; sourceTree = "<group>"; };
		995EA26D25B36A3F00B9D96D /* AddTransport.swift */ = {isa = PBXFileReference; lastKnownFileType = sourcecode.swift; path = AddTransport.swift; sourceTree = "<group>"; };
		995EEEFC25AFC15C00012D39 /* SettlementMap.swift */ = {isa = PBXFileReference; lastKnownFileType = sourcecode.swift; path = SettlementMap.swift; sourceTree = "<group>"; };
		99646D842677ACBA00112593 /* NewTeam.swift */ = {isa = PBXFileReference; lastKnownFileType = sourcecode.swift; path = NewTeam.swift; sourceTree = "<group>"; };
		997318A42691F25D00A281F0 /* AddChecklist.swift */ = {isa = PBXFileReference; lastKnownFileType = sourcecode.swift; path = AddChecklist.swift; sourceTree = "<group>"; };
		997C436F2692056D00B80762 /* Checklists.swift */ = {isa = PBXFileReference; lastKnownFileType = sourcecode.swift; path = Checklists.swift; sourceTree = "<group>"; };
		998779BF26639D9600A0DFB2 /* TeamSignifierCard.swift */ = {isa = PBXFileReference; lastKnownFileType = sourcecode.swift; path = TeamSignifierCard.swift; sourceTree = "<group>"; };
		998779C62663D03600A0DFB2 /* QRCodeView.swift */ = {isa = PBXFileReference; lastKnownFileType = sourcecode.swift; path = QRCodeView.swift; sourceTree = "<group>"; };
		9988B44025B600C600D36BA4 /* Timetable.swift */ = {isa = PBXFileReference; lastKnownFileType = sourcecode.swift; path = Timetable.swift; sourceTree = "<group>"; };
		9988B44325B6019100D36BA4 /* TimetableDB.swift */ = {isa = PBXFileReference; lastKnownFileType = sourcecode.swift; path = TimetableDB.swift; sourceTree = "<group>"; };
		9988B44625B601E100D36BA4 /* TimetableDBKeys.swift */ = {isa = PBXFileReference; lastKnownFileType = sourcecode.swift; path = TimetableDBKeys.swift; sourceTree = "<group>"; };
		9988B44925B6023B00D36BA4 /* TimetableStore.swift */ = {isa = PBXFileReference; lastKnownFileType = sourcecode.swift; path = TimetableStore.swift; sourceTree = "<group>"; };
		9988B44C25B6048F00D36BA4 /* Timeslot.swift */ = {isa = PBXFileReference; lastKnownFileType = sourcecode.swift; path = Timeslot.swift; sourceTree = "<group>"; };
		9988B44F25B6052300D36BA4 /* TimeslotDB.swift */ = {isa = PBXFileReference; lastKnownFileType = sourcecode.swift; path = TimeslotDB.swift; sourceTree = "<group>"; };
		9988B45225B605C200D36BA4 /* TimeslotDBKeys.swift */ = {isa = PBXFileReference; lastKnownFileType = sourcecode.swift; path = TimeslotDBKeys.swift; sourceTree = "<group>"; };
		9988B45525B6061C00D36BA4 /* TimeslotStore.swift */ = {isa = PBXFileReference; lastKnownFileType = sourcecode.swift; path = TimeslotStore.swift; sourceTree = "<group>"; };
		9988B45825B6077100D36BA4 /* TimetableSingle.swift */ = {isa = PBXFileReference; lastKnownFileType = sourcecode.swift; path = TimetableSingle.swift; sourceTree = "<group>"; };
		9990A42F26778E4F00403C24 /* UserPreferencesView.swift */ = {isa = PBXFileReference; lastKnownFileType = sourcecode.swift; path = UserPreferencesView.swift; sourceTree = "<group>"; };
		999E23F02649A2A400B63D3B /* VenueListItem.swift */ = {isa = PBXFileReference; lastKnownFileType = sourcecode.swift; path = VenueListItem.swift; sourceTree = "<group>"; };
		99A965DF257E4D0600B8B2D7 /* VenueDB.swift */ = {isa = PBXFileReference; lastKnownFileType = sourcecode.swift; path = VenueDB.swift; sourceTree = "<group>"; };
		99A965E2257E4EAF00B8B2D7 /* Venue.swift */ = {isa = PBXFileReference; lastKnownFileType = sourcecode.swift; path = Venue.swift; sourceTree = "<group>"; };
		99A965E6257E4FB200B8B2D7 /* VenueStore.swift */ = {isa = PBXFileReference; lastKnownFileType = sourcecode.swift; path = VenueStore.swift; sourceTree = "<group>"; };
		99A965EB257E5C0400B8B2D7 /* AddVenueForm.swift */ = {isa = PBXFileReference; lastKnownFileType = sourcecode.swift; path = AddVenueForm.swift; sourceTree = "<group>"; };
		99A965EF257E677900B8B2D7 /* RealmPersistentInitializer.swift */ = {isa = PBXFileReference; lastKnownFileType = sourcecode.swift; path = RealmPersistentInitializer.swift; sourceTree = "<group>"; };
		99A965F3257E687100B8B2D7 /* VenueDBKeys.swift */ = {isa = PBXFileReference; lastKnownFileType = sourcecode.swift; path = VenueDBKeys.swift; sourceTree = "<group>"; };
		99A965FE257EB2A600B8B2D7 /* Event.swift */ = {isa = PBXFileReference; lastKnownFileType = sourcecode.swift; path = Event.swift; sourceTree = "<group>"; };
		99A96602257EB31600B8B2D7 /* EventDB.swift */ = {isa = PBXFileReference; lastKnownFileType = sourcecode.swift; path = EventDB.swift; sourceTree = "<group>"; };
		99A96605257EB48800B8B2D7 /* EventDBKeys.swift */ = {isa = PBXFileReference; lastKnownFileType = sourcecode.swift; path = EventDBKeys.swift; sourceTree = "<group>"; };
		99A96608257EB4F900B8B2D7 /* EventStore.swift */ = {isa = PBXFileReference; lastKnownFileType = sourcecode.swift; path = EventStore.swift; sourceTree = "<group>"; };
		99B099E8265C1F91002FA63A /* User.swift */ = {isa = PBXFileReference; lastKnownFileType = sourcecode.swift; path = User.swift; sourceTree = "<group>"; };
		99B099EC265C2034002FA63A /* UserDB.swift */ = {isa = PBXFileReference; lastKnownFileType = sourcecode.swift; path = UserDB.swift; sourceTree = "<group>"; };
		99B099EF265C2072002FA63A /* UserDBKeys.swift */ = {isa = PBXFileReference; lastKnownFileType = sourcecode.swift; path = UserDBKeys.swift; sourceTree = "<group>"; };
		99B099F2265C20AC002FA63A /* UserStore.swift */ = {isa = PBXFileReference; lastKnownFileType = sourcecode.swift; path = UserStore.swift; sourceTree = "<group>"; };
		99BCF50F257D49BF00F2A7BC /* Backstage.app */ = {isa = PBXFileReference; explicitFileType = wrapper.application; includeInIndex = 0; path = Backstage.app; sourceTree = BUILT_PRODUCTS_DIR; };
		99BCF512257D49BF00F2A7BC /* BackstageApp.swift */ = {isa = PBXFileReference; lastKnownFileType = sourcecode.swift; path = BackstageApp.swift; sourceTree = "<group>"; };
		99BCF514257D49BF00F2A7BC /* ContentView.swift */ = {isa = PBXFileReference; lastKnownFileType = sourcecode.swift; path = ContentView.swift; sourceTree = "<group>"; };
		99BCF516257D49C000F2A7BC /* Assets.xcassets */ = {isa = PBXFileReference; lastKnownFileType = folder.assetcatalog; path = Assets.xcassets; sourceTree = "<group>"; };
		99BCF519257D49C000F2A7BC /* Preview Assets.xcassets */ = {isa = PBXFileReference; lastKnownFileType = folder.assetcatalog; path = "Preview Assets.xcassets"; sourceTree = "<group>"; };
		99BCF51B257D49C000F2A7BC /* Info.plist */ = {isa = PBXFileReference; lastKnownFileType = text.plist.xml; path = Info.plist; sourceTree = "<group>"; };
		99BCF527257D4B3A00F2A7BC /* Events.swift */ = {isa = PBXFileReference; lastKnownFileType = sourcecode.swift; path = Events.swift; sourceTree = "<group>"; };
		99BCF52C257D4B4700F2A7BC /* Crew.swift */ = {isa = PBXFileReference; lastKnownFileType = sourcecode.swift; path = Crew.swift; sourceTree = "<group>"; };
		99BCF531257D4D9B00F2A7BC /* EventList.swift */ = {isa = PBXFileReference; lastKnownFileType = sourcecode.swift; path = EventList.swift; sourceTree = "<group>"; };
		99BCF535257D4E9E00F2A7BC /* EventDetail.swift */ = {isa = PBXFileReference; lastKnownFileType = sourcecode.swift; path = EventDetail.swift; sourceTree = "<group>"; };
		99BCF538257D4FA100F2A7BC /* CreateNewEvent.swift */ = {isa = PBXFileReference; lastKnownFileType = sourcecode.swift; path = CreateNewEvent.swift; sourceTree = "<group>"; };
		99C0222C258573720031538C /* CEditButton.swift */ = {isa = PBXFileReference; lastKnownFileType = sourcecode.swift; path = CEditButton.swift; sourceTree = "<group>"; };
		99C326B0269379CD00AB1CAE /* AttendantsSmall.swift */ = {isa = PBXFileReference; lastKnownFileType = sourcecode.swift; path = AttendantsSmall.swift; sourceTree = "<group>"; };
		99C6F43A2665016800534CA6 /* Team.swift */ = {isa = PBXFileReference; lastKnownFileType = sourcecode.swift; path = Team.swift; sourceTree = "<group>"; };
		99C6F43E266501CA00534CA6 /* TeamDB.swift */ = {isa = PBXFileReference; lastKnownFileType = sourcecode.swift; path = TeamDB.swift; sourceTree = "<group>"; };
		99C6F4412665022300534CA6 /* TeamDBKeys.swift */ = {isa = PBXFileReference; lastKnownFileType = sourcecode.swift; path = TeamDBKeys.swift; sourceTree = "<group>"; };
		99C6F444266502BB00534CA6 /* TeamStore.swift */ = {isa = PBXFileReference; lastKnownFileType = sourcecode.swift; path = TeamStore.swift; sourceTree = "<group>"; };
		99C9837225AF80FC0093FF19 /* Contacts.swift */ = {isa = PBXFileReference; lastKnownFileType = sourcecode.swift; path = Contacts.swift; sourceTree = "<group>"; };
		99C9837725AF9AD70093FF19 /* Settlement.swift */ = {isa = PBXFileReference; lastKnownFileType = sourcecode.swift; path = Settlement.swift; sourceTree = "<group>"; };
		99C9837B25AF9B1F0093FF19 /* SettlementDB.swift */ = {isa = PBXFileReference; lastKnownFileType = sourcecode.swift; path = SettlementDB.swift; sourceTree = "<group>"; };
		99C9837E25AF9B480093FF19 /* SettlementDBKeys.swift */ = {isa = PBXFileReference; lastKnownFileType = sourcecode.swift; path = SettlementDBKeys.swift; sourceTree = "<group>"; };
		99C9838925AF9E3C0093FF19 /* SettlementStore.swift */ = {isa = PBXFileReference; lastKnownFileType = sourcecode.swift; path = SettlementStore.swift; sourceTree = "<group>"; };
		99C9838E25AF9FD90093FF19 /* AddSettlement.swift */ = {isa = PBXFileReference; lastKnownFileType = sourcecode.swift; path = AddSettlement.swift; sourceTree = "<group>"; };
		99E098B4268B31840092056C /* Attendants.swift */ = {isa = PBXFileReference; indentWidth = 3; lastKnownFileType = sourcecode.swift; path = Attendants.swift; sourceTree = "<group>"; };
		99F16B162582B6A000F3AB97 /* BindingExtension.swift */ = {isa = PBXFileReference; lastKnownFileType = sourcecode.swift; path = BindingExtension.swift; sourceTree = "<group>"; };
		99F3B86C25803BAE00113ADE /* Utilities.swift */ = {isa = PBXFileReference; lastKnownFileType = sourcecode.swift; path = Utilities.swift; sourceTree = "<group>"; };
/* End PBXFileReference section */

/* Begin PBXFrameworksBuildPhase section */
		99BCF50C257D49BF00F2A7BC /* Frameworks */ = {
			isa = PBXFrameworksBuildPhase;
			buildActionMask = 2147483647;
			files = (
				998DD3E8257E4C5B00E17E8B /* RealmSwift in Frameworks */,
				998DD3E6257E4C5B00E17E8B /* Realm in Frameworks */,
				998779C42663C2C300A0DFB2 /* CodeScanner in Frameworks */,
			);
			runOnlyForDeploymentPostprocessing = 0;
		};
/* End PBXFrameworksBuildPhase section */

/* Begin PBXGroup section */
		990A4E0125B377B800CEF57F /* Person */ = {
			isa = PBXGroup;
			children = (
				990A4E0225B377EF00CEF57F /* Person.swift */,
				990A4E0525B3787A00CEF57F /* PersonDB.swift */,
				990A4E0825B378D900CEF57F /* PersonDBKeys.swift */,
			);
			path = Person;
			sourceTree = "<group>";
		};
		990A4E0E25B379C400CEF57F /* Person */ = {
			isa = PBXGroup;
			children = (
				990A4E0F25B379EA00CEF57F /* AddPerson.swift */,
			);
			path = Person;
			sourceTree = "<group>";
		};
		991E6371257E494500911D17 /* models */ = {
			isa = PBXGroup;
			children = (
				99C6F4392665015000534CA6 /* Team */,
				99B099E7265C1F7B002FA63A /* User */,
				9988B43E25B600AA00D36BA4 /* Timetable */,
				990A4E0125B377B800CEF57F /* Person */,
				995EA25D25B35F6E00B9D96D /* Checklist */,
				99C9837625AF9ABC0093FF19 /* Settlement */,
				99A965FD257EB29900B8B2D7 /* Event */,
				99A965FB257EA57100B8B2D7 /* Venue */,
			);
			path = models;
			sourceTree = "<group>";
		};
		992025CB268B1A1C00055EB1 /* Crew */ = {
			isa = PBXGroup;
			children = (
				992025CC268B1A2600055EB1 /* TeamList.swift */,
			);
			path = Crew;
			sourceTree = "<group>";
		};
		992025D3268B258F00055EB1 /* Atoms */ = {
			isa = PBXGroup;
			children = (
				992025D4268B259B00055EB1 /* TeamIcon.swift */,
				992025D8268B292200055EB1 /* DateTag.swift */,
				99E098B4268B31840092056C /* Attendants.swift */,
				99C326B0269379CD00AB1CAE /* AttendantsSmall.swift */,
			);
			path = Atoms;
			sourceTree = "<group>";
		};
		992AA13025AF7DEC005B1061 /* EventDetail */ = {
			isa = PBXGroup;
			children = (
				992AA13125AF7E06005B1061 /* sections */,
				99BCF535257D4E9E00F2A7BC /* EventDetail.swift */,
			);
			path = EventDetail;
			sourceTree = "<group>";
		};
		992AA13125AF7E06005B1061 /* sections */ = {
			isa = PBXGroup;
			children = (
				992AA13625AF7E5E005B1061 /* Transportation.swift */,
				9988B45825B6077100D36BA4 /* TimetableSingle.swift */,
				99C9837225AF80FC0093FF19 /* Contacts.swift */,
				992AA13225AF7E21005B1061 /* Settlements.swift */,
				990C201225B736A80040861C /* AddSection.swift */,
				997C436F2692056D00B80762 /* Checklists.swift */,
			);
			path = sections;
			sourceTree = "<group>";
		};
		99381F162691EC6D0053DD1C /* Transport */ = {
			isa = PBXGroup;
			children = (
				99381F172691EC6D0053DD1C /* Transport.swift */,
				99381F182691EC6E0053DD1C /* TransportDB.swift */,
				99381F192691EC6E0053DD1C /* TransportDBKeys.swift */,
			);
			path = Transport;
			sourceTree = "<group>";
		};
		99381F2C2691F09E0053DD1C /* Checklist */ = {
			isa = PBXGroup;
			children = (
				997318A42691F25D00A281F0 /* AddChecklist.swift */,
			);
			path = Checklist;
			sourceTree = "<group>";
		};
		995609A125AF537400689AFD /* Map */ = {
			isa = PBXGroup;
			children = (
				995EEEFC25AFC15C00012D39 /* SettlementMap.swift */,
				9951C11E25AE6065001E8F95 /* VenueMap.swift */,
			);
			path = Map;
			sourceTree = "<group>";
		};
		995EA25D25B35F6E00B9D96D /* Checklist */ = {
			isa = PBXGroup;
			children = (
				995EA25E25B35F9200B9D96D /* Checklist.swift */,
				995EA26225B3603900B9D96D /* ChecklistDB.swift */,
			);
			path = Checklist;
			sourceTree = "<group>";
		};
		995EA26C25B36A2200B9D96D /* Transport */ = {
			isa = PBXGroup;
			children = (
				995EA26D25B36A3F00B9D96D /* AddTransport.swift */,
			);
			path = Transport;
			sourceTree = "<group>";
		};
		996EB85E2635F82500893E6E /* Team */ = {
			isa = PBXGroup;
			children = (
				9990A42F26778E4F00403C24 /* UserPreferencesView.swift */,
			);
			path = Team;
			sourceTree = "<group>";
		};
		9988B43E25B600AA00D36BA4 /* Timetable */ = {
			isa = PBXGroup;
			children = (
				9988B43F25B600B100D36BA4 /* Timeslots */,
				9988B44025B600C600D36BA4 /* Timetable.swift */,
				9988B44325B6019100D36BA4 /* TimetableDB.swift */,
				9988B44625B601E100D36BA4 /* TimetableDBKeys.swift */,
			);
			path = Timetable;
			sourceTree = "<group>";
		};
		9988B43F25B600B100D36BA4 /* Timeslots */ = {
			isa = PBXGroup;
			children = (
				9988B44C25B6048F00D36BA4 /* Timeslot.swift */,
				9988B44F25B6052300D36BA4 /* TimeslotDB.swift */,
				9988B45225B605C200D36BA4 /* TimeslotDBKeys.swift */,
			);
			path = Timeslots;
			sourceTree = "<group>";
		};
		998FA76F257D89DC000468BE /* DataInputs */ = {
			isa = PBXGroup;
			children = (
				99381F2C2691F09E0053DD1C /* Checklist */,
				990A4E0E25B379C400CEF57F /* Person */,
				995EA26C25B36A2200B9D96D /* Transport */,
				99C9838425AF9E030093FF19 /* Settlement */,
				99C9838325AF9DE90093FF19 /* Venue */,
			);
			path = DataInputs;
			sourceTree = "<group>";
		};
		99A965E5257E4F8300B8B2D7 /* stores */ = {
			isa = PBXGroup;
			children = (
				99A965E6257E4FB200B8B2D7 /* VenueStore.swift */,
				99C9838925AF9E3C0093FF19 /* SettlementStore.swift */,
				995EA26825B360C000B9D96D /* TransportStore.swift */,
				99381F112691EC370053DD1C /* ChecklistStore.swift */,
				99B099F2265C20AC002FA63A /* UserStore.swift */,
				99A96608257EB4F900B8B2D7 /* EventStore.swift */,
				990A4E0B25B3792700CEF57F /* PersonStore.swift */,
				9988B44925B6023B00D36BA4 /* TimetableStore.swift */,
				9988B45525B6061C00D36BA4 /* TimeslotStore.swift */,
				99C6F444266502BB00534CA6 /* TeamStore.swift */,
			);
			path = stores;
			sourceTree = "<group>";
		};
		99A965EE257E675D00B8B2D7 /* realm */ = {
			isa = PBXGroup;
			children = (
				99A965EF257E677900B8B2D7 /* RealmPersistentInitializer.swift */,
			);
			path = realm;
			sourceTree = "<group>";
		};
		99A965FB257EA57100B8B2D7 /* Venue */ = {
			isa = PBXGroup;
			children = (
				99A965DF257E4D0600B8B2D7 /* VenueDB.swift */,
				99A965F3257E687100B8B2D7 /* VenueDBKeys.swift */,
				99A965E2257E4EAF00B8B2D7 /* Venue.swift */,
			);
			path = Venue;
			sourceTree = "<group>";
		};
		99A965FD257EB29900B8B2D7 /* Event */ = {
			isa = PBXGroup;
			children = (
				99A965FE257EB2A600B8B2D7 /* Event.swift */,
				99A96602257EB31600B8B2D7 /* EventDB.swift */,
				99A96605257EB48800B8B2D7 /* EventDBKeys.swift */,
			);
			path = Event;
			sourceTree = "<group>";
		};
		99B099E7265C1F7B002FA63A /* User */ = {
			isa = PBXGroup;
			children = (
				99381F162691EC6D0053DD1C /* Transport */,
				99B099E8265C1F91002FA63A /* User.swift */,
				99B099EC265C2034002FA63A /* UserDB.swift */,
				99B099EF265C2072002FA63A /* UserDBKeys.swift */,
			);
			path = User;
			sourceTree = "<group>";
		};
		99BCF506257D49BF00F2A7BC = {
			isa = PBXGroup;
			children = (
				99BCF511257D49BF00F2A7BC /* Backstage */,
				99BCF510257D49BF00F2A7BC /* Products */,
			);
			sourceTree = "<group>";
		};
		99BCF510257D49BF00F2A7BC /* Products */ = {
			isa = PBXGroup;
			children = (
				99BCF50F257D49BF00F2A7BC /* Backstage.app */,
			);
			name = Products;
			sourceTree = "<group>";
		};
		99BCF511257D49BF00F2A7BC /* Backstage */ = {
			isa = PBXGroup;
			children = (
				99F3B86B25803B8600113ADE /* utilities */,
				99A965EE257E675D00B8B2D7 /* realm */,
				99A965E5257E4F8300B8B2D7 /* stores */,
				991E6371257E494500911D17 /* models */,
				99BCF530257D4D8400F2A7BC /* components */,
				99BCF522257D4A8A00F2A7BC /* views */,
				99BCF512257D49BF00F2A7BC /* BackstageApp.swift */,
				99BCF514257D49BF00F2A7BC /* ContentView.swift */,
				99BCF516257D49C000F2A7BC /* Assets.xcassets */,
				99BCF51B257D49C000F2A7BC /* Info.plist */,
				99BCF518257D49C000F2A7BC /* Preview Content */,
			);
			path = Backstage;
			sourceTree = "<group>";
		};
		99BCF518257D49C000F2A7BC /* Preview Content */ = {
			isa = PBXGroup;
			children = (
				99BCF519257D49C000F2A7BC /* Preview Assets.xcassets */,
			);
			path = "Preview Content";
			sourceTree = "<group>";
		};
		99BCF522257D4A8A00F2A7BC /* views */ = {
			isa = PBXGroup;
			children = (
				992025CB268B1A1C00055EB1 /* Crew */,
				996EB85E2635F82500893E6E /* Team */,
				992AA13025AF7DEC005B1061 /* EventDetail */,
				998FA76F257D89DC000468BE /* DataInputs */,
				99BCF531257D4D9B00F2A7BC /* EventList.swift */,
				99BCF527257D4B3A00F2A7BC /* Events.swift */,
				99BCF52C257D4B4700F2A7BC /* Crew.swift */,
				99BCF538257D4FA100F2A7BC /* CreateNewEvent.swift */,
				993BD7B8257ED2C80014CA4C /* EventListItem.swift */,
				99275FAD26912F8F0085DDDD /* UserCreation.swift */,
			);
			path = views;
			sourceTree = "<group>";
		};
		99BCF530257D4D8400F2A7BC /* components */ = {
			isa = PBXGroup;
			children = (
				992025D3268B258F00055EB1 /* Atoms */,
				995609A125AF537400689AFD /* Map */,
				9956AAD4257D59FA004AB2C4 /* ButtonFullWidth.swift */,
				9941965D257FB3E30090AD0F /* ImagePicker.swift */,
				99C0222C258573720031538C /* CEditButton.swift */,
				990301B925A0A82B004E4BD5 /* EventListElementPoster.swift */,
				990301B625A0A7F9004E4BD5 /* EventListElement.swift */,
				990C201525B73B4E0040861C /* GridStack.swift */,
				998779BF26639D9600A0DFB2 /* TeamSignifierCard.swift */,
				998779C62663D03600A0DFB2 /* QRCodeView.swift */,
				99646D842677ACBA00112593 /* NewTeam.swift */,
			);
			path = components;
			sourceTree = "<group>";
		};
		99C6F4392665015000534CA6 /* Team */ = {
			isa = PBXGroup;
			children = (
				99C6F43A2665016800534CA6 /* Team.swift */,
				99C6F43E266501CA00534CA6 /* TeamDB.swift */,
				99C6F4412665022300534CA6 /* TeamDBKeys.swift */,
			);
			path = Team;
			sourceTree = "<group>";
		};
		99C9837625AF9ABC0093FF19 /* Settlement */ = {
			isa = PBXGroup;
			children = (
				99C9837725AF9AD70093FF19 /* Settlement.swift */,
				99C9837B25AF9B1F0093FF19 /* SettlementDB.swift */,
				99C9837E25AF9B480093FF19 /* SettlementDBKeys.swift */,
			);
			path = Settlement;
			sourceTree = "<group>";
		};
		99C9838325AF9DE90093FF19 /* Venue */ = {
			isa = PBXGroup;
			children = (
				9956AADA257D7CDB004AB2C4 /* SelectVenueForm.swift */,
				99A965EB257E5C0400B8B2D7 /* AddVenueForm.swift */,
				999E23F02649A2A400B63D3B /* VenueListItem.swift */,
			);
			path = Venue;
			sourceTree = "<group>";
		};
		99C9838425AF9E030093FF19 /* Settlement */ = {
			isa = PBXGroup;
			children = (
				99C9838E25AF9FD90093FF19 /* AddSettlement.swift */,
			);
			path = Settlement;
			sourceTree = "<group>";
		};
		99F3B86B25803B8600113ADE /* utilities */ = {
			isa = PBXGroup;
			children = (
				9956AAD1257D597F004AB2C4 /* ColorManager.swift */,
				99F3B86C25803BAE00113ADE /* Utilities.swift */,
				99F16B162582B6A000F3AB97 /* BindingExtension.swift */,
				9951C12125AE6E0D001E8F95 /* LocationService.swift */,
				993EAD3225AE7EC700531A67 /* Paddings.swift */,
				995EA25925B3516600B9D96D /* Characters.swift */,
			);
			path = utilities;
			sourceTree = "<group>";
		};
/* End PBXGroup section */

/* Begin PBXNativeTarget section */
		99BCF50E257D49BF00F2A7BC /* Backstage */ = {
			isa = PBXNativeTarget;
			buildConfigurationList = 99BCF51E257D49C000F2A7BC /* Build configuration list for PBXNativeTarget "Backstage" */;
			buildPhases = (
				99BCF50B257D49BF00F2A7BC /* Sources */,
				99BCF50C257D49BF00F2A7BC /* Frameworks */,
				99BCF50D257D49BF00F2A7BC /* Resources */,
			);
			buildRules = (
			);
			dependencies = (
			);
			name = Backstage;
			packageProductDependencies = (
				998DD3E5257E4C5B00E17E8B /* Realm */,
				998DD3E7257E4C5B00E17E8B /* RealmSwift */,
				998779C32663C2C300A0DFB2 /* CodeScanner */,
			);
			productName = Backstage;
			productReference = 99BCF50F257D49BF00F2A7BC /* Backstage.app */;
			productType = "com.apple.product-type.application";
		};
/* End PBXNativeTarget section */

/* Begin PBXProject section */
		99BCF507257D49BF00F2A7BC /* Project object */ = {
			isa = PBXProject;
			attributes = {
				LastSwiftUpdateCheck = 1220;
				LastUpgradeCheck = 1220;
				TargetAttributes = {
					99BCF50E257D49BF00F2A7BC = {
						CreatedOnToolsVersion = 12.2;
					};
				};
			};
			buildConfigurationList = 99BCF50A257D49BF00F2A7BC /* Build configuration list for PBXProject "Backstage" */;
			compatibilityVersion = "Xcode 9.3";
			developmentRegion = en;
			hasScannedForEncodings = 0;
			knownRegions = (
				en,
				Base,
			);
			mainGroup = 99BCF506257D49BF00F2A7BC;
			packageReferences = (
				998DD3E4257E4C5B00E17E8B /* XCRemoteSwiftPackageReference "realm-cocoa" */,
				998779C22663C2C200A0DFB2 /* XCRemoteSwiftPackageReference "CodeScanner" */,
			);
			productRefGroup = 99BCF510257D49BF00F2A7BC /* Products */;
			projectDirPath = "";
			projectRoot = "";
			targets = (
				99BCF50E257D49BF00F2A7BC /* Backstage */,
			);
		};
/* End PBXProject section */

/* Begin PBXResourcesBuildPhase section */
		99BCF50D257D49BF00F2A7BC /* Resources */ = {
			isa = PBXResourcesBuildPhase;
			buildActionMask = 2147483647;
			files = (
				99BCF51A257D49C000F2A7BC /* Preview Assets.xcassets in Resources */,
				99BCF517257D49C000F2A7BC /* Assets.xcassets in Resources */,
			);
			runOnlyForDeploymentPostprocessing = 0;
		};
/* End PBXResourcesBuildPhase section */

/* Begin PBXSourcesBuildPhase section */
		99BCF50B257D49BF00F2A7BC /* Sources */ = {
			isa = PBXSourcesBuildPhase;
			buildActionMask = 2147483647;
			files = (
				99C9837C25AF9B1F0093FF19 /* SettlementDB.swift in Sources */,
				995EA25F25B35F9200B9D96D /* Checklist.swift in Sources */,
				99C6F43F266501CA00534CA6 /* TeamDB.swift in Sources */,
				992025CD268B1A2600055EB1 /* TeamList.swift in Sources */,
				99BCF536257D4E9E00F2A7BC /* EventDetail.swift in Sources */,
				99C9838A25AF9E3C0093FF19 /* SettlementStore.swift in Sources */,
				990A4E0C25B3792700CEF57F /* PersonStore.swift in Sources */,
				993BD7B9257ED2C80014CA4C /* EventListItem.swift in Sources */,
				997318A52691F25D00A281F0 /* AddChecklist.swift in Sources */,
				992AA13725AF7E5E005B1061 /* Transportation.swift in Sources */,
				99381F122691EC370053DD1C /* ChecklistStore.swift in Sources */,
				990A4E0625B3787A00CEF57F /* PersonDB.swift in Sources */,
				99C9837825AF9AD70093FF19 /* Settlement.swift in Sources */,
				9988B45025B6052300D36BA4 /* TimeslotDB.swift in Sources */,
				99A96606257EB48800B8B2D7 /* EventDBKeys.swift in Sources */,
				99E098B5268B31840092056C /* Attendants.swift in Sources */,
				99BCF532257D4D9B00F2A7BC /* EventList.swift in Sources */,
				99B099F3265C20AC002FA63A /* UserStore.swift in Sources */,
				99646D852677ACBA00112593 /* NewTeam.swift in Sources */,
				99B099E9265C1F91002FA63A /* User.swift in Sources */,
				997C43702692056D00B80762 /* Checklists.swift in Sources */,
				99381F1A2691EC6E0053DD1C /* Transport.swift in Sources */,
				992AA13325AF7E21005B1061 /* Settlements.swift in Sources */,
				99A965F0257E677900B8B2D7 /* RealmPersistentInitializer.swift in Sources */,
				990C201325B736A80040861C /* AddSection.swift in Sources */,
				9988B45925B6077100D36BA4 /* TimetableSingle.swift in Sources */,
				998779C026639D9600A0DFB2 /* TeamSignifierCard.swift in Sources */,
				9988B45625B6061C00D36BA4 /* TimeslotStore.swift in Sources */,
				9988B44D25B6048F00D36BA4 /* Timeslot.swift in Sources */,
				992025D9268B292200055EB1 /* DateTag.swift in Sources */,
				995EEEFD25AFC15C00012D39 /* SettlementMap.swift in Sources */,
				99F3B86D25803BAE00113ADE /* Utilities.swift in Sources */,
				995EA26325B3603900B9D96D /* ChecklistDB.swift in Sources */,
				9988B44A25B6023B00D36BA4 /* TimetableStore.swift in Sources */,
				99C6F4422665022300534CA6 /* TeamDBKeys.swift in Sources */,
				995EA25A25B3516600B9D96D /* Characters.swift in Sources */,
				99BCF528257D4B3A00F2A7BC /* Events.swift in Sources */,
				995EA26E25B36A3F00B9D96D /* AddTransport.swift in Sources */,
				990A4E1025B379EA00CEF57F /* AddPerson.swift in Sources */,
				999E23F12649A2A400B63D3B /* VenueListItem.swift in Sources */,
				9956AAD5257D59FA004AB2C4 /* ButtonFullWidth.swift in Sources */,
				99A965F4257E687100B8B2D7 /* VenueDBKeys.swift in Sources */,
				990301BA25A0A82B004E4BD5 /* EventListElementPoster.swift in Sources */,
				990A4E0925B378D900CEF57F /* PersonDBKeys.swift in Sources */,
				99A965FF257EB2A600B8B2D7 /* Event.swift in Sources */,
				9956AADB257D7CDB004AB2C4 /* SelectVenueForm.swift in Sources */,
				993EAD3325AE7EC700531A67 /* Paddings.swift in Sources */,
				990A4E0325B377EF00CEF57F /* Person.swift in Sources */,
				99B099F0265C2072002FA63A /* UserDBKeys.swift in Sources */,
				995EA26925B360C000B9D96D /* TransportStore.swift in Sources */,
				9988B44425B6019100D36BA4 /* TimetableDB.swift in Sources */,
				9951C11F25AE6065001E8F95 /* VenueMap.swift in Sources */,
				99F16B172582B6A000F3AB97 /* BindingExtension.swift in Sources */,
				99C0222D258573720031538C /* CEditButton.swift in Sources */,
				99BCF515257D49BF00F2A7BC /* ContentView.swift in Sources */,
				99BCF513257D49BF00F2A7BC /* BackstageApp.swift in Sources */,
				99A965EC257E5C0400B8B2D7 /* AddVenueForm.swift in Sources */,
				99275FAE26912F8F0085DDDD /* UserCreation.swift in Sources */,
				99381F1B2691EC6E0053DD1C /* TransportDB.swift in Sources */,
				9990A43026778E4F00403C24 /* UserPreferencesView.swift in Sources */,
				990C201625B73B4E0040861C /* GridStack.swift in Sources */,
				99B099ED265C2034002FA63A /* UserDB.swift in Sources */,
				99C6F445266502BB00534CA6 /* TeamStore.swift in Sources */,
				998779C72663D03600A0DFB2 /* QRCodeView.swift in Sources */,
				9956AAD2257D597F004AB2C4 /* ColorManager.swift in Sources */,
				99381F1C2691EC6E0053DD1C /* TransportDBKeys.swift in Sources */,
				99A965E0257E4D0600B8B2D7 /* VenueDB.swift in Sources */,
				99C9838F25AF9FD90093FF19 /* AddSettlement.swift in Sources */,
				9988B45325B605C200D36BA4 /* TimeslotDBKeys.swift in Sources */,
				990301B725A0A7F9004E4BD5 /* EventListElement.swift in Sources */,
				9951C12225AE6E0D001E8F95 /* LocationService.swift in Sources */,
				99C326B1269379CD00AB1CAE /* AttendantsSmall.swift in Sources */,
				99BCF52D257D4B4700F2A7BC /* Crew.swift in Sources */,
				99A96603257EB31600B8B2D7 /* EventDB.swift in Sources */,
				99A96609257EB4F900B8B2D7 /* EventStore.swift in Sources */,
				99C9837325AF80FC0093FF19 /* Contacts.swift in Sources */,
				992025D5268B259B00055EB1 /* TeamIcon.swift in Sources */,
				99A965E7257E4FB200B8B2D7 /* VenueStore.swift in Sources */,
				9941965E257FB3E30090AD0F /* ImagePicker.swift in Sources */,
				99A965E3257E4EAF00B8B2D7 /* Venue.swift in Sources */,
				9988B44125B600C600D36BA4 /* Timetable.swift in Sources */,
				99C9837F25AF9B480093FF19 /* SettlementDBKeys.swift in Sources */,
				99BCF539257D4FA100F2A7BC /* CreateNewEvent.swift in Sources */,
				9988B44725B601E100D36BA4 /* TimetableDBKeys.swift in Sources */,
				99C6F43B2665016800534CA6 /* Team.swift in Sources */,
			);
			runOnlyForDeploymentPostprocessing = 0;
		};
/* End PBXSourcesBuildPhase section */

/* Begin XCBuildConfiguration section */
		99BCF51C257D49C000F2A7BC /* Debug */ = {
			isa = XCBuildConfiguration;
			buildSettings = {
				ALWAYS_SEARCH_USER_PATHS = NO;
				CLANG_ANALYZER_NONNULL = YES;
				CLANG_ANALYZER_NUMBER_OBJECT_CONVERSION = YES_AGGRESSIVE;
				CLANG_CXX_LANGUAGE_STANDARD = "gnu++14";
				CLANG_CXX_LIBRARY = "libc++";
				CLANG_ENABLE_MODULES = YES;
				CLANG_ENABLE_OBJC_ARC = YES;
				CLANG_ENABLE_OBJC_WEAK = YES;
				CLANG_WARN_BLOCK_CAPTURE_AUTORELEASING = YES;
				CLANG_WARN_BOOL_CONVERSION = YES;
				CLANG_WARN_COMMA = YES;
				CLANG_WARN_CONSTANT_CONVERSION = YES;
				CLANG_WARN_DEPRECATED_OBJC_IMPLEMENTATIONS = YES;
				CLANG_WARN_DIRECT_OBJC_ISA_USAGE = YES_ERROR;
				CLANG_WARN_DOCUMENTATION_COMMENTS = YES;
				CLANG_WARN_EMPTY_BODY = YES;
				CLANG_WARN_ENUM_CONVERSION = YES;
				CLANG_WARN_INFINITE_RECURSION = YES;
				CLANG_WARN_INT_CONVERSION = YES;
				CLANG_WARN_NON_LITERAL_NULL_CONVERSION = YES;
				CLANG_WARN_OBJC_IMPLICIT_RETAIN_SELF = YES;
				CLANG_WARN_OBJC_LITERAL_CONVERSION = YES;
				CLANG_WARN_OBJC_ROOT_CLASS = YES_ERROR;
				CLANG_WARN_QUOTED_INCLUDE_IN_FRAMEWORK_HEADER = YES;
				CLANG_WARN_RANGE_LOOP_ANALYSIS = YES;
				CLANG_WARN_STRICT_PROTOTYPES = YES;
				CLANG_WARN_SUSPICIOUS_MOVE = YES;
				CLANG_WARN_UNGUARDED_AVAILABILITY = YES_AGGRESSIVE;
				CLANG_WARN_UNREACHABLE_CODE = YES;
				CLANG_WARN__DUPLICATE_METHOD_MATCH = YES;
				COPY_PHASE_STRIP = NO;
				DEBUG_INFORMATION_FORMAT = dwarf;
				ENABLE_STRICT_OBJC_MSGSEND = YES;
				ENABLE_TESTABILITY = YES;
				GCC_C_LANGUAGE_STANDARD = gnu11;
				GCC_DYNAMIC_NO_PIC = NO;
				GCC_NO_COMMON_BLOCKS = YES;
				GCC_OPTIMIZATION_LEVEL = 0;
				GCC_PREPROCESSOR_DEFINITIONS = (
					"DEBUG=1",
					"$(inherited)",
				);
				GCC_WARN_64_TO_32_BIT_CONVERSION = YES;
				GCC_WARN_ABOUT_RETURN_TYPE = YES_ERROR;
				GCC_WARN_UNDECLARED_SELECTOR = YES;
				GCC_WARN_UNINITIALIZED_AUTOS = YES_AGGRESSIVE;
				GCC_WARN_UNUSED_FUNCTION = YES;
				GCC_WARN_UNUSED_VARIABLE = YES;
				IPHONEOS_DEPLOYMENT_TARGET = 14.2;
				MTL_ENABLE_DEBUG_INFO = INCLUDE_SOURCE;
				MTL_FAST_MATH = YES;
				ONLY_ACTIVE_ARCH = YES;
				SDKROOT = iphoneos;
				SWIFT_ACTIVE_COMPILATION_CONDITIONS = DEBUG;
				SWIFT_OPTIMIZATION_LEVEL = "-Onone";
			};
			name = Debug;
		};
		99BCF51D257D49C000F2A7BC /* Release */ = {
			isa = XCBuildConfiguration;
			buildSettings = {
				ALWAYS_SEARCH_USER_PATHS = NO;
				CLANG_ANALYZER_NONNULL = YES;
				CLANG_ANALYZER_NUMBER_OBJECT_CONVERSION = YES_AGGRESSIVE;
				CLANG_CXX_LANGUAGE_STANDARD = "gnu++14";
				CLANG_CXX_LIBRARY = "libc++";
				CLANG_ENABLE_MODULES = YES;
				CLANG_ENABLE_OBJC_ARC = YES;
				CLANG_ENABLE_OBJC_WEAK = YES;
				CLANG_WARN_BLOCK_CAPTURE_AUTORELEASING = YES;
				CLANG_WARN_BOOL_CONVERSION = YES;
				CLANG_WARN_COMMA = YES;
				CLANG_WARN_CONSTANT_CONVERSION = YES;
				CLANG_WARN_DEPRECATED_OBJC_IMPLEMENTATIONS = YES;
				CLANG_WARN_DIRECT_OBJC_ISA_USAGE = YES_ERROR;
				CLANG_WARN_DOCUMENTATION_COMMENTS = YES;
				CLANG_WARN_EMPTY_BODY = YES;
				CLANG_WARN_ENUM_CONVERSION = YES;
				CLANG_WARN_INFINITE_RECURSION = YES;
				CLANG_WARN_INT_CONVERSION = YES;
				CLANG_WARN_NON_LITERAL_NULL_CONVERSION = YES;
				CLANG_WARN_OBJC_IMPLICIT_RETAIN_SELF = YES;
				CLANG_WARN_OBJC_LITERAL_CONVERSION = YES;
				CLANG_WARN_OBJC_ROOT_CLASS = YES_ERROR;
				CLANG_WARN_QUOTED_INCLUDE_IN_FRAMEWORK_HEADER = YES;
				CLANG_WARN_RANGE_LOOP_ANALYSIS = YES;
				CLANG_WARN_STRICT_PROTOTYPES = YES;
				CLANG_WARN_SUSPICIOUS_MOVE = YES;
				CLANG_WARN_UNGUARDED_AVAILABILITY = YES_AGGRESSIVE;
				CLANG_WARN_UNREACHABLE_CODE = YES;
				CLANG_WARN__DUPLICATE_METHOD_MATCH = YES;
				COPY_PHASE_STRIP = NO;
				DEBUG_INFORMATION_FORMAT = "dwarf-with-dsym";
				ENABLE_NS_ASSERTIONS = NO;
				ENABLE_STRICT_OBJC_MSGSEND = YES;
				GCC_C_LANGUAGE_STANDARD = gnu11;
				GCC_NO_COMMON_BLOCKS = YES;
				GCC_WARN_64_TO_32_BIT_CONVERSION = YES;
				GCC_WARN_ABOUT_RETURN_TYPE = YES_ERROR;
				GCC_WARN_UNDECLARED_SELECTOR = YES;
				GCC_WARN_UNINITIALIZED_AUTOS = YES_AGGRESSIVE;
				GCC_WARN_UNUSED_FUNCTION = YES;
				GCC_WARN_UNUSED_VARIABLE = YES;
				IPHONEOS_DEPLOYMENT_TARGET = 14.2;
				MTL_ENABLE_DEBUG_INFO = NO;
				MTL_FAST_MATH = YES;
				SDKROOT = iphoneos;
				SWIFT_COMPILATION_MODE = wholemodule;
				SWIFT_OPTIMIZATION_LEVEL = "-O";
				VALIDATE_PRODUCT = YES;
			};
			name = Release;
		};
		99BCF51F257D49C000F2A7BC /* Debug */ = {
			isa = XCBuildConfiguration;
			buildSettings = {
				ASSETCATALOG_COMPILER_APPICON_NAME = AppIcon;
				ASSETCATALOG_COMPILER_GLOBAL_ACCENT_COLOR_NAME = AccentColor;
				CODE_SIGN_STYLE = Automatic;
				DEVELOPMENT_ASSET_PATHS = "\"Backstage/Preview Content\"";
				DEVELOPMENT_TEAM = 69T7XDAN6X;
				ENABLE_PREVIEWS = YES;
				INFOPLIST_FILE = Backstage/Info.plist;
				IPHONEOS_DEPLOYMENT_TARGET = 14.0;
				LD_RUNPATH_SEARCH_PATHS = (
					"$(inherited)",
					"@executable_path/Frameworks",
				);
				PRODUCT_BUNDLE_IDENTIFIER = felixtesche.Backstage;
				PRODUCT_NAME = "$(TARGET_NAME)";
				SWIFT_VERSION = 5.0;
				TARGETED_DEVICE_FAMILY = "1,2";
			};
			name = Debug;
		};
		99BCF520257D49C000F2A7BC /* Release */ = {
			isa = XCBuildConfiguration;
			buildSettings = {
				ASSETCATALOG_COMPILER_APPICON_NAME = AppIcon;
				ASSETCATALOG_COMPILER_GLOBAL_ACCENT_COLOR_NAME = AccentColor;
				CODE_SIGN_STYLE = Automatic;
				DEVELOPMENT_ASSET_PATHS = "\"Backstage/Preview Content\"";
				DEVELOPMENT_TEAM = 69T7XDAN6X;
				ENABLE_PREVIEWS = YES;
				INFOPLIST_FILE = Backstage/Info.plist;
				IPHONEOS_DEPLOYMENT_TARGET = 14.0;
				LD_RUNPATH_SEARCH_PATHS = (
					"$(inherited)",
					"@executable_path/Frameworks",
				);
				PRODUCT_BUNDLE_IDENTIFIER = felixtesche.Backstage;
				PRODUCT_NAME = "$(TARGET_NAME)";
				SWIFT_VERSION = 5.0;
				TARGETED_DEVICE_FAMILY = "1,2";
			};
			name = Release;
		};
/* End XCBuildConfiguration section */

/* Begin XCConfigurationList section */
		99BCF50A257D49BF00F2A7BC /* Build configuration list for PBXProject "Backstage" */ = {
			isa = XCConfigurationList;
			buildConfigurations = (
				99BCF51C257D49C000F2A7BC /* Debug */,
				99BCF51D257D49C000F2A7BC /* Release */,
			);
			defaultConfigurationIsVisible = 0;
			defaultConfigurationName = Release;
		};
		99BCF51E257D49C000F2A7BC /* Build configuration list for PBXNativeTarget "Backstage" */ = {
			isa = XCConfigurationList;
			buildConfigurations = (
				99BCF51F257D49C000F2A7BC /* Debug */,
				99BCF520257D49C000F2A7BC /* Release */,
			);
			defaultConfigurationIsVisible = 0;
			defaultConfigurationName = Release;
		};
/* End XCConfigurationList section */

/* Begin XCRemoteSwiftPackageReference section */
		998779C22663C2C200A0DFB2 /* XCRemoteSwiftPackageReference "CodeScanner" */ = {
			isa = XCRemoteSwiftPackageReference;
			repositoryURL = "https://github.com/twostraws/CodeScanner.git";
			requirement = {
				kind = upToNextMajorVersion;
				minimumVersion = 1.0.7;
			};
		};
		998DD3E4257E4C5B00E17E8B /* XCRemoteSwiftPackageReference "realm-cocoa" */ = {
			isa = XCRemoteSwiftPackageReference;
			repositoryURL = "https://github.com/realm/realm-cocoa.git";
			requirement = {
				kind = upToNextMajorVersion;
				minimumVersion = 10.2.0;
			};
		};
/* End XCRemoteSwiftPackageReference section */

/* Begin XCSwiftPackageProductDependency section */
		998779C32663C2C300A0DFB2 /* CodeScanner */ = {
			isa = XCSwiftPackageProductDependency;
			package = 998779C22663C2C200A0DFB2 /* XCRemoteSwiftPackageReference "CodeScanner" */;
			productName = CodeScanner;
		};
		998DD3E5257E4C5B00E17E8B /* Realm */ = {
			isa = XCSwiftPackageProductDependency;
			package = 998DD3E4257E4C5B00E17E8B /* XCRemoteSwiftPackageReference "realm-cocoa" */;
			productName = Realm;
		};
		998DD3E7257E4C5B00E17E8B /* RealmSwift */ = {
			isa = XCSwiftPackageProductDependency;
			package = 998DD3E4257E4C5B00E17E8B /* XCRemoteSwiftPackageReference "realm-cocoa" */;
			productName = RealmSwift;
		};
/* End XCSwiftPackageProductDependency section */
	};
	rootObject = 99BCF507257D49BF00F2A7BC /* Project object */;
}
